
Microsoft Visual Studio Solution File, Format Version 12.00
# Visual Studio Version 17
VisualStudioVersion = 17.0.31903.59
MinimumVisualStudioVersion = 10.0.40219.1
Project("{2150E333-8FDC-42A3-9474-1A3956D46DE8}") = "src", "src", "{9DCBD478-EC18-4998-9424-50984684F2D7}"
EndProject
Project("{FAE04EC0-301F-11D3-BF4B-00C04F79EFBC}") = "LuuTastyTreats.Api", "src\LuuTastyTreats.Api\LuuTastyTreats.Api.csproj", "{4B614E0A-6B0E-4F57-AE2F-5DE1690502C7}"
EndProject
Global
	GlobalSection(SolutionConfigurationPlatforms) = preSolution
		Debug|Any CPU = Debug|Any CPU
		Release|Any CPU = Release|Any CPU
	EndGlobalSection
	GlobalSection(SolutionProperties) = preSolution
		HideSolutionNode = FALSE
	EndGlobalSection
	GlobalSection(ProjectConfigurationPlatforms) = postSolution
		{4B614E0A-6B0E-4F57-AE2F-5DE1690502C7}.Debug|Any CPU.ActiveCfg = Debug|Any CPU
		{4B614E0A-6B0E-4F57-AE2F-5DE1690502C7}.Debug|Any CPU.Build.0 = Debug|Any CPU
		{4B614E0A-6B0E-4F57-AE2F-5DE1690502C7}.Release|Any CPU.ActiveCfg = Release|Any CPU
		{4B614E0A-6B0E-4F57-AE2F-5DE1690502C7}.Release|Any CPU.Build.0 = Release|Any CPU
	EndGlobalSection
	GlobalSection(NestedProjects) = preSolution
		{4B614E0A-6B0E-4F57-AE2F-5DE1690502C7} = {9DCBD478-EC18-4998-9424-50984684F2D7}
	EndGlobalSection
EndGlobal
